
Microsoft Visual Studio Solution File, Format Version 12.00
# Visual Studio Version 17
VisualStudioVersion = 17.14.37111.16 d17.14
MinimumVisualStudioVersion = 10.0.40219.1
Project("{FAE04EC0-301F-11D3-BF4B-00C04F79EFBC}") = "backend", "backend.csproj", "{978C51AE-51A6-4AC1-BF50-7547CE1F57DA}"
EndProject
Global
	GlobalSection(SolutionConfigurationPlatforms) = preSolution
		Debug|Any CPU = Debug|Any CPU
		Release|Any CPU = Release|Any CPU
	EndGlobalSection
	GlobalSection(ProjectConfigurationPlatforms) = postSolution
		{978C51AE-51A6-4AC1-BF50-7547CE1F57DA}.Debug|Any CPU.ActiveCfg = Debug|Any CPU
		{978C51AE-51A6-4AC1-BF50-7547CE1F57DA}.Debug|Any CPU.Build.0 = Debug|Any CPU
		{978C51AE-51A6-4AC1-BF50-7547CE1F57DA}.Release|Any CPU.ActiveCfg = Release|Any CPU
		{978C51AE-51A6-4AC1-BF50-7547CE1F57DA}.Release|Any CPU.Build.0 = Release|Any CPU
	EndGlobalSection
	GlobalSection(SolutionProperties) = preSolution
		HideSolutionNode = FALSE
	EndGlobalSection
	GlobalSection(ExtensibilityGlobals) = postSolution
		SolutionGuid = {7601D592-65CF-4796-BFAE-24F81A30AB7C}
	EndGlobalSection
EndGlobal
